{
    "_readme": [
        "This file locks the dependencies of your project to a known state",
        "Read more about it at https://getcomposer.org/doc/01-basic-usage.md#installing-dependencies",
        "This file is @generated automatically"
    ],
    "content-hash": "11e3a7a9dcceedb55341435c7deb9428",
    "packages": [],
    "packages-dev": [],
    "aliases": [],
    "minimum-stability": "dev",
    "stability-flags": [],
    "prefer-stable": false,
    "prefer-lowest": false,
    "platform": {
        "php": ">=7.0.0",
        "ext-json": "*",
        "ext-mbstring": "*",
        "ext-curl": "*"
    },
    "platform-dev": [],
    "plugin-api-version": "2.0.0"
}
